
Microsoft Visual Studio Solution File, Format Version 12.00
# Visual Studio 15
VisualStudioVersion = 15.0.28010.2003
MinimumVisualStudioVersion = 10.0.40219.1
Project("{9A19103F-16F7-4668-BE54-9A1E7A4F7556}") = "Piwik.Tracker", "Piwik.Tracker\Piwik.Tracker.csproj", "{2176AB66-BCB7-449C-89DD-D5CBA8DC8B04}"
EndProject
Project("{9A19103F-16F7-4668-BE54-9A1E7A4F7556}") = "Piwik.Tracker.Samples", "Piwik.Tracker.Samples\Piwik.Tracker.Samples.csproj", "{E4F8DB90-ED2A-4E8F-A296-521F472EAB09}"
EndProject
Project("{9A19103F-16F7-4668-BE54-9A1E7A4F7556}") = "Piwik.Tracker.Tests", "Piwik.Tracker.Tests\Piwik.Tracker.Tests.csproj", "{D1841D9B-E14B-4A78-A89E-A8BA1C4CEC11}"
EndProject
Project("{FAE04EC0-301F-11D3-BF4B-00C04F79EFBC}") = "Piwik.Tracker.Web.Samples", "Piwik.Tracker.Web.Samples\Piwik.Tracker.Web.Samples.csproj", "{15C7B3C7-F7DD-44B7-90FA-4D99B9DA99AB}"
EndProject
Global
	GlobalSection(SolutionConfigurationPlatforms) = preSolution
		Debug|Any CPU = Debug|Any CPU
		Release|Any CPU = Release|Any CPU
	EndGlobalSection
	GlobalSection(ProjectConfigurationPlatforms) = postSolution
		{2176AB66-BCB7-449C-89DD-D5CBA8DC8B04}.Debug|Any CPU.ActiveCfg = Debug|Any CPU
		{2176AB66-BCB7-449C-89DD-D5CBA8DC8B04}.Debug|Any CPU.Build.0 = Debug|Any CPU
		{2176AB66-BCB7-449C-89DD-D5CBA8DC8B04}.Release|Any CPU.ActiveCfg = Release|Any CPU
		{2176AB66-BCB7-449C-89DD-D5CBA8DC8B04}.Release|Any CPU.Build.0 = Release|Any CPU
		{E4F8DB90-ED2A-4E8F-A296-521F472EAB09}.Debug|Any CPU.ActiveCfg = Debug|Any CPU
		{E4F8DB90-ED2A-4E8F-A296-521F472EAB09}.Debug|Any CPU.Build.0 = Debug|Any CPU
		{E4F8DB90-ED2A-4E8F-A296-521F472EAB09}.Release|Any CPU.ActiveCfg = Release|Any CPU
		{E4F8DB90-ED2A-4E8F-A296-521F472EAB09}.Release|Any CPU.Build.0 = Release|Any CPU
		{D1841D9B-E14B-4A78-A89E-A8BA1C4CEC11}.Debug|Any CPU.ActiveCfg = Debug|Any CPU
		{D1841D9B-E14B-4A78-A89E-A8BA1C4CEC11}.Debug|Any CPU.Build.0 = Debug|Any CPU
		{D1841D9B-E14B-4A78-A89E-A8BA1C4CEC11}.Release|Any CPU.ActiveCfg = Release|Any CPU
		{D1841D9B-E14B-4A78-A89E-A8BA1C4CEC11}.Release|Any CPU.Build.0 = Release|Any CPU
		{15C7B3C7-F7DD-44B7-90FA-4D99B9DA99AB}.Debug|Any CPU.ActiveCfg = Debug|Any CPU
		{15C7B3C7-F7DD-44B7-90FA-4D99B9DA99AB}.Debug|Any CPU.Build.0 = Debug|Any CPU
		{15C7B3C7-F7DD-44B7-90FA-4D99B9DA99AB}.Release|Any CPU.ActiveCfg = Release|Any CPU
		{15C7B3C7-F7DD-44B7-90FA-4D99B9DA99AB}.Release|Any CPU.Build.0 = Release|Any CPU
	EndGlobalSection
	GlobalSection(SolutionProperties) = preSolution
		HideSolutionNode = FALSE
	EndGlobalSection
	GlobalSection(ExtensibilityGlobals) = postSolution
		SolutionGuid = {6575E2E5-586C-4844-8CAC-FF6F0FC9FC72}
	EndGlobalSection
EndGlobal
